// !$*UTF8*$!
{
	archiveVersion = 1;
	classes = {
	};
	objectVersion = 46;
	objects = {

/* Begin PBXBuildFile section */
		042A7D55A677A68DD8B3C166 /* ofxTCPClient.cpp in Sources */ = {isa = PBXBuildFile; fileRef = 0FB27A91899EA2A83BC12D2F /* ofxTCPClient.cpp */; };
		049FFF4069F948478FAA37F6 /* ofxUDPManager.cpp in Sources */ = {isa = PBXBuildFile; fileRef = 56E18EF1472ED18D245F0977 /* ofxUDPManager.cpp */; };
		1437BFDE9FA90F764F110622 /* NetworkingUtils.cpp in Sources */ = {isa = PBXBuildFile; fileRef = F26DB0CA45832622B8ADBBA3 /* NetworkingUtils.cpp */; };
		1839118C8FAAFD7786F48022 /* ofxOscMessage.cpp in Sources */ = {isa = PBXBuildFile; fileRef = F19B2C95C7605232BC4073BE /* ofxOscMessage.cpp */; };
		21020EE07395C0E961FE4E47 /* OscTypes.cpp in Sources */ = {isa = PBXBuildFile; fileRef = B093D47463B2C687EAF8193A /* OscTypes.cpp */; };
		2B04AB1C3ADEC23F896EB038 /* OscPrintReceivedElements.cpp in Sources */ = {isa = PBXBuildFile; fileRef = 441762983353F4F07AE4939E /* OscPrintReceivedElements.cpp */; };
		4326F4A363DE2FB72933C2ED /* UdpSocket.cpp in Sources */ = {isa = PBXBuildFile; fileRef = D1ED1431F94F5B5C100901F7 /* UdpSocket.cpp */; };
		5BAB6E7E628E52287338C1CF /* ofxOscSender.cpp in Sources */ = {isa = PBXBuildFile; fileRef = 934FD996115440B4B37A0977 /* ofxOscSender.cpp */; };
		637244781C22304B002F7BD5 /* ofxDatGuiComponent.cpp in Sources */ = {isa = PBXBuildFile; fileRef = 6372446C1C22304B002F7BD5 /* ofxDatGuiComponent.cpp */; settings = {ASSET_TAGS = (); }; };
		637244791C22304B002F7BD5 /* ofxDatGui.cpp in Sources */ = {isa = PBXBuildFile; fileRef = 637244721C22304B002F7BD5 /* ofxDatGui.cpp */; settings = {ASSET_TAGS = (); }; };
		6372447A1C22304B002F7BD5 /* ofxDatGuiTemplate.cpp in Sources */ = {isa = PBXBuildFile; fileRef = 637244751C22304B002F7BD5 /* ofxDatGuiTemplate.cpp */; settings = {ASSET_TAGS = (); }; };
		8C3C3F05F14EAA2FC77A199D /* OscOutboundPacketStream.cpp in Sources */ = {isa = PBXBuildFile; fileRef = A49C1BCB550D0F61BF804036 /* OscOutboundPacketStream.cpp */; };
		98E3190A327565D7A561D2F1 /* ofxOscReceiver.cpp in Sources */ = {isa = PBXBuildFile; fileRef = 99A837810760567CB4E9FDA4 /* ofxOscReceiver.cpp */; };
		9C18D291F7F1EE07ABD8F80F /* IpEndpointName.cpp in Sources */ = {isa = PBXBuildFile; fileRef = 3111F8BA5B55D43D708BF45C /* IpEndpointName.cpp */; };
		9E3D94644874B53F109A7DB0 /* OscReceivedElements.cpp in Sources */ = {isa = PBXBuildFile; fileRef = 64533C6393690A7DBCD80E53 /* OscReceivedElements.cpp */; };
		C2D598BBC788C2AFB89F03D8 /* ofxOscParameterSync.cpp in Sources */ = {isa = PBXBuildFile; fileRef = A911520655443F811A5509B3 /* ofxOscParameterSync.cpp */; };
		DB77677DC2CEE9C8790A08CB /* ofxTCPManager.cpp in Sources */ = {isa = PBXBuildFile; fileRef = A7133A2C7498E38B1C38304B /* ofxTCPManager.cpp */; };
		DD393F6E1D608A7ED3C090C1 /* ofxOscBundle.cpp in Sources */ = {isa = PBXBuildFile; fileRef = A1CF7EBC56AB6CF60D4F487E /* ofxOscBundle.cpp */; };
		E4328149138ABC9F0047C5CB /* openFrameworksDebug.a in Frameworks */ = {isa = PBXBuildFile; fileRef = E4328148138ABC890047C5CB /* openFrameworksDebug.a */; };
		E4B69E200A3A1BDC003C02F2 /* main.cpp in Sources */ = {isa = PBXBuildFile; fileRef = E4B69E1D0A3A1BDC003C02F2 /* main.cpp */; };
		E4B69E210A3A1BDC003C02F2 /* ofApp.cpp in Sources */ = {isa = PBXBuildFile; fileRef = E4B69E1E0A3A1BDC003C02F2 /* ofApp.cpp */; };
		EEEEF8A0E6ECCF687B70690F /* ofxTCPServer.cpp in Sources */ = {isa = PBXBuildFile; fileRef = 05E08F283318C0C25824819A /* ofxTCPServer.cpp */; };
/* End PBXBuildFile section */

/* Begin PBXContainerItemProxy section */
		E4328147138ABC890047C5CB /* PBXContainerItemProxy */ = {
			isa = PBXContainerItemProxy;
			containerPortal = E4328143138ABC890047C5CB /* openFrameworksLib.xcodeproj */;
			proxyType = 2;
			remoteGlobalIDString = E4B27C1510CBEB8E00536013;
			remoteInfo = openFrameworks;
		};
		E4EEB9AB138B136A00A80321 /* PBXContainerItemProxy */ = {
			isa = PBXContainerItemProxy;
			containerPortal = E4328143138ABC890047C5CB /* openFrameworksLib.xcodeproj */;
			proxyType = 1;
			remoteGlobalIDString = E4B27C1410CBEB8E00536013;
			remoteInfo = openFrameworks;
		};
/* End PBXContainerItemProxy section */

/* Begin PBXCopyFilesBuildPhase section */
		E4C2427710CC5ABF004149E2 /* CopyFiles */ = {
			isa = PBXCopyFilesBuildPhase;
			buildActionMask = 2147483647;
			dstPath = "";
			dstSubfolderSpec = 10;
			files = (
			);
			runOnlyForDeploymentPostprocessing = 0;
		};
/* End PBXCopyFilesBuildPhase section */

/* Begin PBXFileReference section */
		00F2D53502E080BC06A962E9 /* ofxOscArg.h */ = {isa = PBXFileReference; explicitFileType = sourcecode.c.h; fileEncoding = 30; name = ofxOscArg.h; path = ../../../../of_v0.9.0_osx_release/addons/ofxOsc/src/ofxOscArg.h; sourceTree = SOURCE_ROOT; };
		05E08F283318C0C25824819A /* ofxTCPServer.cpp */ = {isa = PBXFileReference; explicitFileType = sourcecode.cpp.cpp; fileEncoding = 30; name = ofxTCPServer.cpp; path = ../../../../of_v0.9.0_osx_release/addons/ofxNetwork/src/ofxTCPServer.cpp; sourceTree = SOURCE_ROOT; };
		061336E0892C6E9EA510D51E /* ofxTCPManager.h */ = {isa = PBXFileReference; explicitFileType = sourcecode.c.h; fileEncoding = 30; name = ofxTCPManager.h; path = ../../../../of_v0.9.0_osx_release/addons/ofxNetwork/src/ofxTCPManager.h; sourceTree = SOURCE_ROOT; };
		07EA64898A7F509069519492 /* IpEndpointName.h */ = {isa = PBXFileReference; explicitFileType = sourcecode.c.h; fileEncoding = 30; name = IpEndpointName.h; path = ../../../../of_v0.9.0_osx_release/addons/ofxOsc/libs/oscpack/src/ip/IpEndpointName.h; sourceTree = SOURCE_ROOT; };
		0AB94B238FCE85EA6AB07E92 /* ofxOscBundle.h */ = {isa = PBXFileReference; explicitFileType = sourcecode.c.h; fileEncoding = 30; name = ofxOscBundle.h; path = ../../../../of_v0.9.0_osx_release/addons/ofxOsc/src/ofxOscBundle.h; sourceTree = SOURCE_ROOT; };
		0FB27A91899EA2A83BC12D2F /* ofxTCPClient.cpp */ = {isa = PBXFileReference; explicitFileType = sourcecode.cpp.cpp; fileEncoding = 30; name = ofxTCPClient.cpp; path = ../../../../of_v0.9.0_osx_release/addons/ofxNetwork/src/ofxTCPClient.cpp; sourceTree = SOURCE_ROOT; };
		1B06112EA5FDA2E8B187AC4A /* NetworkingUtils.h */ = {isa = PBXFileReference; explicitFileType = sourcecode.c.h; fileEncoding = 30; name = NetworkingUtils.h; path = ../../../../of_v0.9.0_osx_release/addons/ofxOsc/libs/oscpack/src/ip/NetworkingUtils.h; sourceTree = SOURCE_ROOT; };
		21964730FEBDE2AEC39DAA73 /* UdpSocket.h */ = {isa = PBXFileReference; explicitFileType = sourcecode.c.h; fileEncoding = 30; name = UdpSocket.h; path = ../../../../of_v0.9.0_osx_release/addons/ofxOsc/libs/oscpack/src/ip/UdpSocket.h; sourceTree = SOURCE_ROOT; };
		278A6C8A7C143D73BD27F0FF /* ofxTCPClient.h */ = {isa = PBXFileReference; explicitFileType = sourcecode.c.h; fileEncoding = 30; name = ofxTCPClient.h; path = ../../../../of_v0.9.0_osx_release/addons/ofxNetwork/src/ofxTCPClient.h; sourceTree = SOURCE_ROOT; };
		2A8D449ADE95888E6F6593EB /* OscPrintReceivedElements.h */ = {isa = PBXFileReference; explicitFileType = sourcecode.c.h; fileEncoding = 30; name = OscPrintReceivedElements.h; path = ../../../../of_v0.9.0_osx_release/addons/ofxOsc/libs/oscpack/src/osc/OscPrintReceivedElements.h; sourceTree = SOURCE_ROOT; };
		3111F8BA5B55D43D708BF45C /* IpEndpointName.cpp */ = {isa = PBXFileReference; explicitFileType = sourcecode.cpp.cpp; fileEncoding = 30; name = IpEndpointName.cpp; path = ../../../../of_v0.9.0_osx_release/addons/ofxOsc/libs/oscpack/src/ip/IpEndpointName.cpp; sourceTree = SOURCE_ROOT; };
		3C326A27529A03F6A5A4B68B /* ofxOscParameterSync.h */ = {isa = PBXFileReference; explicitFileType = sourcecode.c.h; fileEncoding = 30; name = ofxOscParameterSync.h; path = ../../../../of_v0.9.0_osx_release/addons/ofxOsc/src/ofxOscParameterSync.h; sourceTree = SOURCE_ROOT; };
		3D9BC6A04AE56901F8A5830E /* PacketListener.h */ = {isa = PBXFileReference; explicitFileType = sourcecode.c.h; fileEncoding = 30; name = PacketListener.h; path = ../../../../of_v0.9.0_osx_release/addons/ofxOsc/libs/oscpack/src/ip/PacketListener.h; sourceTree = SOURCE_ROOT; };
		441762983353F4F07AE4939E /* OscPrintReceivedElements.cpp */ = {isa = PBXFileReference; explicitFileType = sourcecode.cpp.cpp; fileEncoding = 30; name = OscPrintReceivedElements.cpp; path = ../../../../of_v0.9.0_osx_release/addons/ofxOsc/libs/oscpack/src/osc/OscPrintReceivedElements.cpp; sourceTree = SOURCE_ROOT; };
		48959E581C91E6F305955929 /* TimerListener.h */ = {isa = PBXFileReference; explicitFileType = sourcecode.c.h; fileEncoding = 30; name = TimerListener.h; path = ../../../../of_v0.9.0_osx_release/addons/ofxOsc/libs/oscpack/src/ip/TimerListener.h; sourceTree = SOURCE_ROOT; };
		4EBDB176AF93267201042A3E /* ofxOsc.h */ = {isa = PBXFileReference; explicitFileType = sourcecode.c.h; fileEncoding = 30; name = ofxOsc.h; path = ../../../../of_v0.9.0_osx_release/addons/ofxOsc/src/ofxOsc.h; sourceTree = SOURCE_ROOT; };
		56E18EF1472ED18D245F0977 /* ofxUDPManager.cpp */ = {isa = PBXFileReference; explicitFileType = sourcecode.cpp.cpp; fileEncoding = 30; name = ofxUDPManager.cpp; path = ../../../../of_v0.9.0_osx_release/addons/ofxNetwork/src/ofxUDPManager.cpp; sourceTree = SOURCE_ROOT; };
		6372445F1C22304B002F7BD5 /* ofxDatGui2dPad.h */ = {isa = PBXFileReference; lastKnownFileType = sourcecode.c.h; path = ofxDatGui2dPad.h; sourceTree = "<group>"; };
		637244601C22304B002F7BD5 /* ofxDatGuiButton.h */ = {isa = PBXFileReference; lastKnownFileType = sourcecode.c.h; path = ofxDatGuiButton.h; sourceTree = "<group>"; };
		637244611C22304B002F7BD5 /* ofxDatGuiColorPicker.h */ = {isa = PBXFileReference; lastKnownFileType = sourcecode.c.h; path = ofxDatGuiColorPicker.h; sourceTree = "<group>"; };
		637244621C22304B002F7BD5 /* ofxDatGuiControls.h */ = {isa = PBXFileReference; lastKnownFileType = sourcecode.c.h; path = ofxDatGuiControls.h; sourceTree = "<group>"; };
		637244631C22304B002F7BD5 /* ofxDatGuiFRM.h */ = {isa = PBXFileReference; lastKnownFileType = sourcecode.c.h; path = ofxDatGuiFRM.h; sourceTree = "<group>"; };
		637244641C22304B002F7BD5 /* ofxDatGuiGroups.h */ = {isa = PBXFileReference; lastKnownFileType = sourcecode.c.h; path = ofxDatGuiGroups.h; sourceTree = "<group>"; };
		637244651C22304B002F7BD5 /* ofxDatGuiLabel.h */ = {isa = PBXFileReference; lastKnownFileType = sourcecode.c.h; path = ofxDatGuiLabel.h; sourceTree = "<group>"; };
		637244661C22304B002F7BD5 /* ofxDatGuiMatrix.h */ = {isa = PBXFileReference; lastKnownFileType = sourcecode.c.h; path = ofxDatGuiMatrix.h; sourceTree = "<group>"; };
		637244671C22304B002F7BD5 /* ofxDatGuiSlider.h */ = {isa = PBXFileReference; lastKnownFileType = sourcecode.c.h; path = ofxDatGuiSlider.h; sourceTree = "<group>"; };
		637244681C22304B002F7BD5 /* ofxDatGuiTextInput.h */ = {isa = PBXFileReference; lastKnownFileType = sourcecode.c.h; path = ofxDatGuiTextInput.h; sourceTree = "<group>"; };
		637244691C22304B002F7BD5 /* ofxDatGuiTextInputField.h */ = {isa = PBXFileReference; lastKnownFileType = sourcecode.c.h; path = ofxDatGuiTextInputField.h; sourceTree = "<group>"; };
		6372446A1C22304B002F7BD5 /* ofxDatGuiTimeGraph.h */ = {isa = PBXFileReference; lastKnownFileType = sourcecode.c.h; path = ofxDatGuiTimeGraph.h; sourceTree = "<group>"; };
		6372446C1C22304B002F7BD5 /* ofxDatGuiComponent.cpp */ = {isa = PBXFileReference; lastKnownFileType = sourcecode.cpp.cpp; path = ofxDatGuiComponent.cpp; sourceTree = "<group>"; };
		6372446D1C22304B002F7BD5 /* ofxDatGuiComponent.h */ = {isa = PBXFileReference; lastKnownFileType = sourcecode.c.h; path = ofxDatGuiComponent.h; sourceTree = "<group>"; };
		6372446E1C22304B002F7BD5 /* ofxDatGuiConstants.h */ = {isa = PBXFileReference; lastKnownFileType = sourcecode.c.h; path = ofxDatGuiConstants.h; sourceTree = "<group>"; };
		6372446F1C22304B002F7BD5 /* ofxDatGuiEvents.h */ = {isa = PBXFileReference; lastKnownFileType = sourcecode.c.h; path = ofxDatGuiEvents.h; sourceTree = "<group>"; };
		637244701C22304B002F7BD5 /* ofxDatGuiFont.h */ = {isa = PBXFileReference; lastKnownFileType = sourcecode.c.h; path = ofxDatGuiFont.h; sourceTree = "<group>"; };
		637244711C22304B002F7BD5 /* ofxDatGuiIntObject.h */ = {isa = PBXFileReference; lastKnownFileType = sourcecode.c.h; path = ofxDatGuiIntObject.h; sourceTree = "<group>"; };
		637244721C22304B002F7BD5 /* ofxDatGui.cpp */ = {isa = PBXFileReference; lastKnownFileType = sourcecode.cpp.cpp; path = ofxDatGui.cpp; sourceTree = "<group>"; };
		637244731C22304B002F7BD5 /* ofxDatGui.h */ = {isa = PBXFileReference; lastKnownFileType = sourcecode.c.h; path = ofxDatGui.h; sourceTree = "<group>"; };
		637244751C22304B002F7BD5 /* ofxDatGuiTemplate.cpp */ = {isa = PBXFileReference; lastKnownFileType = sourcecode.cpp.cpp; path = ofxDatGuiTemplate.cpp; sourceTree = "<group>"; };
		637244761C22304B002F7BD5 /* ofxDatGuiTemplate.h */ = {isa = PBXFileReference; lastKnownFileType = sourcecode.c.h; path = ofxDatGuiTemplate.h; sourceTree = "<group>"; };
		637244771C22304B002F7BD5 /* ofxDatGuiTemplates.h */ = {isa = PBXFileReference; lastKnownFileType = sourcecode.c.h; path = ofxDatGuiTemplates.h; sourceTree = "<group>"; };
		64533C6393690A7DBCD80E53 /* OscReceivedElements.cpp */ = {isa = PBXFileReference; explicitFileType = sourcecode.cpp.cpp; fileEncoding = 30; name = OscReceivedElements.cpp; path = ../../../../of_v0.9.0_osx_release/addons/ofxOsc/libs/oscpack/src/osc/OscReceivedElements.cpp; sourceTree = SOURCE_ROOT; };
		73E00C4ABF5742AF42C754A8 /* OscTypes.h */ = {isa = PBXFileReference; explicitFileType = sourcecode.c.h; fileEncoding = 30; name = OscTypes.h; path = ../../../../of_v0.9.0_osx_release/addons/ofxOsc/libs/oscpack/src/osc/OscTypes.h; sourceTree = SOURCE_ROOT; };
		9019E29EC7B51B30CBFF392A /* ofxOscMessage.h */ = {isa = PBXFileReference; explicitFileType = sourcecode.c.h; fileEncoding = 30; name = ofxOscMessage.h; path = ../../../../of_v0.9.0_osx_release/addons/ofxOsc/src/ofxOscMessage.h; sourceTree = SOURCE_ROOT; };
		934FD996115440B4B37A0977 /* ofxOscSender.cpp */ = {isa = PBXFileReference; explicitFileType = sourcecode.cpp.cpp; fileEncoding = 30; name = ofxOscSender.cpp; path = ../../../../of_v0.9.0_osx_release/addons/ofxOsc/src/ofxOscSender.cpp; sourceTree = SOURCE_ROOT; };
		99069246514FCC0922CC282A /* OscPacketListener.h */ = {isa = PBXFileReference; explicitFileType = sourcecode.c.h; fileEncoding = 30; name = OscPacketListener.h; path = ../../../../of_v0.9.0_osx_release/addons/ofxOsc/libs/oscpack/src/osc/OscPacketListener.h; sourceTree = SOURCE_ROOT; };
		99A837810760567CB4E9FDA4 /* ofxOscReceiver.cpp */ = {isa = PBXFileReference; explicitFileType = sourcecode.cpp.cpp; fileEncoding = 30; name = ofxOscReceiver.cpp; path = ../../../../of_v0.9.0_osx_release/addons/ofxOsc/src/ofxOscReceiver.cpp; sourceTree = SOURCE_ROOT; };
		A1CF7EBC56AB6CF60D4F487E /* ofxOscBundle.cpp */ = {isa = PBXFileReference; explicitFileType = sourcecode.cpp.cpp; fileEncoding = 30; name = ofxOscBundle.cpp; path = ../../../../of_v0.9.0_osx_release/addons/ofxOsc/src/ofxOscBundle.cpp; sourceTree = SOURCE_ROOT; };
		A49C1BCB550D0F61BF804036 /* OscOutboundPacketStream.cpp */ = {isa = PBXFileReference; explicitFileType = sourcecode.cpp.cpp; fileEncoding = 30; name = OscOutboundPacketStream.cpp; path = ../../../../of_v0.9.0_osx_release/addons/ofxOsc/libs/oscpack/src/osc/OscOutboundPacketStream.cpp; sourceTree = SOURCE_ROOT; };
		A7133A2C7498E38B1C38304B /* ofxTCPManager.cpp */ = {isa = PBXFileReference; explicitFileType = sourcecode.cpp.cpp; fileEncoding = 30; name = ofxTCPManager.cpp; path = ../../../../of_v0.9.0_osx_release/addons/ofxNetwork/src/ofxTCPManager.cpp; sourceTree = SOURCE_ROOT; };
		A911520655443F811A5509B3 /* ofxOscParameterSync.cpp */ = {isa = PBXFileReference; explicitFileType = sourcecode.cpp.cpp; fileEncoding = 30; name = ofxOscParameterSync.cpp; path = ../../../../of_v0.9.0_osx_release/addons/ofxOsc/src/ofxOscParameterSync.cpp; sourceTree = SOURCE_ROOT; };
		AFAFFC8683510A307EEA467C /* MessageMappingOscPacketListener.h */ = {isa = PBXFileReference; explicitFileType = sourcecode.c.h; fileEncoding = 30; name = MessageMappingOscPacketListener.h; path = ../../../../of_v0.9.0_osx_release/addons/ofxOsc/libs/oscpack/src/osc/MessageMappingOscPacketListener.h; sourceTree = SOURCE_ROOT; };
		B023CE2C6CB98C1E247C5DEE /* OscReceivedElements.h */ = {isa = PBXFileReference; explicitFileType = sourcecode.c.h; fileEncoding = 30; name = OscReceivedElements.h; path = ../../../../of_v0.9.0_osx_release/addons/ofxOsc/libs/oscpack/src/osc/OscReceivedElements.h; sourceTree = SOURCE_ROOT; };
		B093D47463B2C687EAF8193A /* OscTypes.cpp */ = {isa = PBXFileReference; explicitFileType = sourcecode.cpp.cpp; fileEncoding = 30; name = OscTypes.cpp; path = ../../../../of_v0.9.0_osx_release/addons/ofxOsc/libs/oscpack/src/osc/OscTypes.cpp; sourceTree = SOURCE_ROOT; };
		BAFFBAB27A03B59171A0186B /* ofxOscReceiver.h */ = {isa = PBXFileReference; explicitFileType = sourcecode.c.h; fileEncoding = 30; name = ofxOscReceiver.h; path = ../../../../of_v0.9.0_osx_release/addons/ofxOsc/src/ofxOscReceiver.h; sourceTree = SOURCE_ROOT; };
		BC068DD6617A52377A32CC9B /* OscException.h */ = {isa = PBXFileReference; explicitFileType = sourcecode.c.h; fileEncoding = 30; name = OscException.h; path = ../../../../of_v0.9.0_osx_release/addons/ofxOsc/libs/oscpack/src/osc/OscException.h; sourceTree = SOURCE_ROOT; };
		C4A5A03077C06BB63332C0C5 /* ofxNetworkUtils.h */ = {isa = PBXFileReference; explicitFileType = sourcecode.c.h; fileEncoding = 30; name = ofxNetworkUtils.h; path = ../../../../of_v0.9.0_osx_release/addons/ofxNetwork/src/ofxNetworkUtils.h; sourceTree = SOURCE_ROOT; };
		C9ED6FAE50DBA2F52A576BEB /* OscHostEndianness.h */ = {isa = PBXFileReference; explicitFileType = sourcecode.c.h; fileEncoding = 30; name = OscHostEndianness.h; path = ../../../../of_v0.9.0_osx_release/addons/ofxOsc/libs/oscpack/src/osc/OscHostEndianness.h; sourceTree = SOURCE_ROOT; };
		D1ED1431F94F5B5C100901F7 /* UdpSocket.cpp */ = {isa = PBXFileReference; explicitFileType = sourcecode.cpp.cpp; fileEncoding = 30; name = UdpSocket.cpp; path = ../../../../of_v0.9.0_osx_release/addons/ofxOsc/libs/oscpack/src/ip/posix/UdpSocket.cpp; sourceTree = SOURCE_ROOT; };
		D5B4211B764B0369160985CD /* ofxTCPServer.h */ = {isa = PBXFileReference; explicitFileType = sourcecode.c.h; fileEncoding = 30; name = ofxTCPServer.h; path = ../../../../of_v0.9.0_osx_release/addons/ofxNetwork/src/ofxTCPServer.h; sourceTree = SOURCE_ROOT; };
		E4328143138ABC890047C5CB /* openFrameworksLib.xcodeproj */ = {isa = PBXFileReference; lastKnownFileType = "wrapper.pb-project"; name = openFrameworksLib.xcodeproj; path = ../../../../of_v0.9.0_osx_release/libs/openFrameworksCompiled/project/osx/openFrameworksLib.xcodeproj; sourceTree = SOURCE_ROOT; };
		E4B69B5B0A3A1756003C02F2 /* H_A_R_P_S_simulatorDebug.app */ = {isa = PBXFileReference; explicitFileType = wrapper.application; includeInIndex = 0; path = H_A_R_P_S_simulatorDebug.app; sourceTree = BUILT_PRODUCTS_DIR; };
		E4B69E1D0A3A1BDC003C02F2 /* main.cpp */ = {isa = PBXFileReference; fileEncoding = 30; lastKnownFileType = sourcecode.cpp.cpp; name = main.cpp; path = src/main.cpp; sourceTree = SOURCE_ROOT; };
		E4B69E1E0A3A1BDC003C02F2 /* ofApp.cpp */ = {isa = PBXFileReference; explicitFileType = sourcecode.cpp.cpp; fileEncoding = 30; name = ofApp.cpp; path = src/ofApp.cpp; sourceTree = SOURCE_ROOT; };
		E4B69E1F0A3A1BDC003C02F2 /* ofApp.h */ = {isa = PBXFileReference; fileEncoding = 30; lastKnownFileType = sourcecode.c.h; name = ofApp.h; path = src/ofApp.h; sourceTree = SOURCE_ROOT; };
		E4B6FCAD0C3E899E008CF71C /* openFrameworks-Info.plist */ = {isa = PBXFileReference; fileEncoding = 30; lastKnownFileType = text.plist.xml; path = "openFrameworks-Info.plist"; sourceTree = "<group>"; };
		E4EB691F138AFCF100A09F29 /* CoreOF.xcconfig */ = {isa = PBXFileReference; fileEncoding = 4; lastKnownFileType = text.xcconfig; name = CoreOF.xcconfig; path = ../../../../of_v0.9.0_osx_release/libs/openFrameworksCompiled/project/osx/CoreOF.xcconfig; sourceTree = SOURCE_ROOT; };
		E4EB6923138AFD0F00A09F29 /* Project.xcconfig */ = {isa = PBXFileReference; fileEncoding = 4; lastKnownFileType = text.xcconfig; path = Project.xcconfig; sourceTree = "<group>"; };
		F18F9638D96E62595FAB5B58 /* ofxOscSender.h */ = {isa = PBXFileReference; explicitFileType = sourcecode.c.h; fileEncoding = 30; name = ofxOscSender.h; path = ../../../../of_v0.9.0_osx_release/addons/ofxOsc/src/ofxOscSender.h; sourceTree = SOURCE_ROOT; };
		F19B2C95C7605232BC4073BE /* ofxOscMessage.cpp */ = {isa = PBXFileReference; explicitFileType = sourcecode.cpp.cpp; fileEncoding = 30; name = ofxOscMessage.cpp; path = ../../../../of_v0.9.0_osx_release/addons/ofxOsc/src/ofxOscMessage.cpp; sourceTree = SOURCE_ROOT; };
		F26DB0CA45832622B8ADBBA3 /* NetworkingUtils.cpp */ = {isa = PBXFileReference; explicitFileType = sourcecode.cpp.cpp; fileEncoding = 30; name = NetworkingUtils.cpp; path = ../../../../of_v0.9.0_osx_release/addons/ofxOsc/libs/oscpack/src/ip/posix/NetworkingUtils.cpp; sourceTree = SOURCE_ROOT; };
		F65B8F51B06C1ECD60B7695C /* ofxNetwork.h */ = {isa = PBXFileReference; explicitFileType = sourcecode.c.h; fileEncoding = 30; name = ofxNetwork.h; path = ../../../../of_v0.9.0_osx_release/addons/ofxNetwork/src/ofxNetwork.h; sourceTree = SOURCE_ROOT; };
		F6DF47F66BF1C3B42D5FF9A3 /* OscOutboundPacketStream.h */ = {isa = PBXFileReference; explicitFileType = sourcecode.c.h; fileEncoding = 30; name = OscOutboundPacketStream.h; path = ../../../../of_v0.9.0_osx_release/addons/ofxOsc/libs/oscpack/src/osc/OscOutboundPacketStream.h; sourceTree = SOURCE_ROOT; };
		F947568AD646931B1B006633 /* ofxUDPManager.h */ = {isa = PBXFileReference; explicitFileType = sourcecode.c.h; fileEncoding = 30; name = ofxUDPManager.h; path = ../../../../of_v0.9.0_osx_release/addons/ofxNetwork/src/ofxUDPManager.h; sourceTree = SOURCE_ROOT; };
/* End PBXFileReference section */

/* Begin PBXFrameworksBuildPhase section */
		E4B69B590A3A1756003C02F2 /* Frameworks */ = {
			isa = PBXFrameworksBuildPhase;
			buildActionMask = 2147483647;
			files = (
				E4328149138ABC9F0047C5CB /* openFrameworksDebug.a in Frameworks */,
			);
			runOnlyForDeploymentPostprocessing = 0;
		};
/* End PBXFrameworksBuildPhase section */

/* Begin PBXGroup section */
		18240ECCE4076FB0833A8578 /* ofxNetwork */ = {
			isa = PBXGroup;
			children = (
				219374A14594D121F27FED3A /* src */,
			);
			name = ofxNetwork;
			sourceTree = "<group>";
		};
		219374A14594D121F27FED3A /* src */ = {
			isa = PBXGroup;
			children = (
				F65B8F51B06C1ECD60B7695C /* ofxNetwork.h */,
				C4A5A03077C06BB63332C0C5 /* ofxNetworkUtils.h */,
				0FB27A91899EA2A83BC12D2F /* ofxTCPClient.cpp */,
				278A6C8A7C143D73BD27F0FF /* ofxTCPClient.h */,
				A7133A2C7498E38B1C38304B /* ofxTCPManager.cpp */,
				061336E0892C6E9EA510D51E /* ofxTCPManager.h */,
				05E08F283318C0C25824819A /* ofxTCPServer.cpp */,
				D5B4211B764B0369160985CD /* ofxTCPServer.h */,
				56E18EF1472ED18D245F0977 /* ofxUDPManager.cpp */,
				F947568AD646931B1B006633 /* ofxUDPManager.h */,
			);
			name = src;
			sourceTree = "<group>";
		};
		30CB364908817057B430D528 /* osc */ = {
			isa = PBXGroup;
			children = (
				AFAFFC8683510A307EEA467C /* MessageMappingOscPacketListener.h */,
				BC068DD6617A52377A32CC9B /* OscException.h */,
				C9ED6FAE50DBA2F52A576BEB /* OscHostEndianness.h */,
				A49C1BCB550D0F61BF804036 /* OscOutboundPacketStream.cpp */,
				F6DF47F66BF1C3B42D5FF9A3 /* OscOutboundPacketStream.h */,
				99069246514FCC0922CC282A /* OscPacketListener.h */,
				441762983353F4F07AE4939E /* OscPrintReceivedElements.cpp */,
				2A8D449ADE95888E6F6593EB /* OscPrintReceivedElements.h */,
				64533C6393690A7DBCD80E53 /* OscReceivedElements.cpp */,
				B023CE2C6CB98C1E247C5DEE /* OscReceivedElements.h */,
				B093D47463B2C687EAF8193A /* OscTypes.cpp */,
				73E00C4ABF5742AF42C754A8 /* OscTypes.h */,
			);
			name = osc;
			sourceTree = "<group>";
		};
		38871A5825686AE018EC2BF0 /* libs */ = {
			isa = PBXGroup;
			children = (
				86D2677079A3AF4A5A88E29A /* oscpack */,
			);
			name = libs;
			sourceTree = "<group>";
		};
		6372445C1C22304B002F7BD5 /* ofxDatGui */ = {
			isa = PBXGroup;
			children = (
				6372445D1C22304B002F7BD5 /* src */,
			);
			name = ofxDatGui;
			sourceTree = "<group>";
		};
		6372445D1C22304B002F7BD5 /* src */ = {
			isa = PBXGroup;
			children = (
				6372445E1C22304B002F7BD5 /* components */,
				6372446B1C22304B002F7BD5 /* core */,
				637244721C22304B002F7BD5 /* ofxDatGui.cpp */,
				637244731C22304B002F7BD5 /* ofxDatGui.h */,
				637244741C22304B002F7BD5 /* templates */,
			);
			name = src;
			path = ../../../../of_v0.9.0_osx_release/addons/ofxDatGui/src;
			sourceTree = "<group>";
		};
		6372445E1C22304B002F7BD5 /* components */ = {
			isa = PBXGroup;
			children = (
				6372445F1C22304B002F7BD5 /* ofxDatGui2dPad.h */,
				637244601C22304B002F7BD5 /* ofxDatGuiButton.h */,
				637244611C22304B002F7BD5 /* ofxDatGuiColorPicker.h */,
				637244621C22304B002F7BD5 /* ofxDatGuiControls.h */,
				637244631C22304B002F7BD5 /* ofxDatGuiFRM.h */,
				637244641C22304B002F7BD5 /* ofxDatGuiGroups.h */,
				637244651C22304B002F7BD5 /* ofxDatGuiLabel.h */,
				637244661C22304B002F7BD5 /* ofxDatGuiMatrix.h */,
				637244671C22304B002F7BD5 /* ofxDatGuiSlider.h */,
				637244681C22304B002F7BD5 /* ofxDatGuiTextInput.h */,
				637244691C22304B002F7BD5 /* ofxDatGuiTextInputField.h */,
				6372446A1C22304B002F7BD5 /* ofxDatGuiTimeGraph.h */,
			);
			path = components;
			sourceTree = "<group>";
		};
		6372446B1C22304B002F7BD5 /* core */ = {
			isa = PBXGroup;
			children = (
				6372446C1C22304B002F7BD5 /* ofxDatGuiComponent.cpp */,
				6372446D1C22304B002F7BD5 /* ofxDatGuiComponent.h */,
				6372446E1C22304B002F7BD5 /* ofxDatGuiConstants.h */,
				6372446F1C22304B002F7BD5 /* ofxDatGuiEvents.h */,
				637244701C22304B002F7BD5 /* ofxDatGuiFont.h */,
				637244711C22304B002F7BD5 /* ofxDatGuiIntObject.h */,
			);
			path = core;
			sourceTree = "<group>";
		};
		637244741C22304B002F7BD5 /* templates */ = {
			isa = PBXGroup;
			children = (
				637244751C22304B002F7BD5 /* ofxDatGuiTemplate.cpp */,
				637244761C22304B002F7BD5 /* ofxDatGuiTemplate.h */,
				637244771C22304B002F7BD5 /* ofxDatGuiTemplates.h */,
			);
			path = templates;
			sourceTree = "<group>";
		};
		641362CA659FAFEE4E81001B /* posix */ = {
			isa = PBXGroup;
			children = (
				F26DB0CA45832622B8ADBBA3 /* NetworkingUtils.cpp */,
				D1ED1431F94F5B5C100901F7 /* UdpSocket.cpp */,
			);
			name = posix;
			sourceTree = "<group>";
		};
		6948EE371B920CB800B5AC1A /* local_addons */ = {
			isa = PBXGroup;
			children = (
			);
			name = local_addons;
			sourceTree = "<group>";
		};
		86D2677079A3AF4A5A88E29A /* oscpack */ = {
			isa = PBXGroup;
			children = (
				D27B2221A225CA523C019676 /* src */,
			);
			name = oscpack;
			sourceTree = "<group>";
		};
		BB4B014C10F69532006C3DED /* addons */ = {
			isa = PBXGroup;
			children = (
				18240ECCE4076FB0833A8578 /* ofxNetwork */,
				E6053AB7FEC63D5F83825B88 /* ofxOsc */,
				6372445C1C22304B002F7BD5 /* ofxDatGui */,
			);
			name = addons;
			sourceTree = "<group>";
		};
		BD2F1A9F8D0C05EDB29122D0 /* src */ = {
			isa = PBXGroup;
			children = (
				4EBDB176AF93267201042A3E /* ofxOsc.h */,
				00F2D53502E080BC06A962E9 /* ofxOscArg.h */,
				A1CF7EBC56AB6CF60D4F487E /* ofxOscBundle.cpp */,
				0AB94B238FCE85EA6AB07E92 /* ofxOscBundle.h */,
				F19B2C95C7605232BC4073BE /* ofxOscMessage.cpp */,
				9019E29EC7B51B30CBFF392A /* ofxOscMessage.h */,
				A911520655443F811A5509B3 /* ofxOscParameterSync.cpp */,
				3C326A27529A03F6A5A4B68B /* ofxOscParameterSync.h */,
				99A837810760567CB4E9FDA4 /* ofxOscReceiver.cpp */,
				BAFFBAB27A03B59171A0186B /* ofxOscReceiver.h */,
				934FD996115440B4B37A0977 /* ofxOscSender.cpp */,
				F18F9638D96E62595FAB5B58 /* ofxOscSender.h */,
			);
			name = src;
			sourceTree = "<group>";
		};
		D27B2221A225CA523C019676 /* src */ = {
			isa = PBXGroup;
			children = (
				FF8CDF57858E9B94E3237115 /* ip */,
				30CB364908817057B430D528 /* osc */,
			);
			name = src;
			sourceTree = "<group>";
		};
		E4328144138ABC890047C5CB /* Products */ = {
			isa = PBXGroup;
			children = (
				E4328148138ABC890047C5CB /* openFrameworksDebug.a */,
			);
			name = Products;
			sourceTree = "<group>";
		};
		E4B69B4A0A3A1720003C02F2 = {
			isa = PBXGroup;
			children = (
				E4B6FCAD0C3E899E008CF71C /* openFrameworks-Info.plist */,
				E4EB6923138AFD0F00A09F29 /* Project.xcconfig */,
				E4B69E1C0A3A1BDC003C02F2 /* src */,
				E4EEC9E9138DF44700A80321 /* openFrameworks */,
				BB4B014C10F69532006C3DED /* addons */,
				6948EE371B920CB800B5AC1A /* local_addons */,
				E4B69B5B0A3A1756003C02F2 /* H_A_R_P_S_simulatorDebug.app */,
			);
			sourceTree = "<group>";
		};
		E4B69E1C0A3A1BDC003C02F2 /* src */ = {
			isa = PBXGroup;
			children = (
				E4B69E1D0A3A1BDC003C02F2 /* main.cpp */,
				E4B69E1E0A3A1BDC003C02F2 /* ofApp.cpp */,
				E4B69E1F0A3A1BDC003C02F2 /* ofApp.h */,
			);
			path = src;
			sourceTree = SOURCE_ROOT;
		};
		E4EEC9E9138DF44700A80321 /* openFrameworks */ = {
			isa = PBXGroup;
			children = (
				E4EB691F138AFCF100A09F29 /* CoreOF.xcconfig */,
				E4328143138ABC890047C5CB /* openFrameworksLib.xcodeproj */,
			);
			name = openFrameworks;
			sourceTree = "<group>";
		};
		E6053AB7FEC63D5F83825B88 /* ofxOsc */ = {
			isa = PBXGroup;
			children = (
				BD2F1A9F8D0C05EDB29122D0 /* src */,
				38871A5825686AE018EC2BF0 /* libs */,
			);
			name = ofxOsc;
			sourceTree = "<group>";
		};
		FF8CDF57858E9B94E3237115 /* ip */ = {
			isa = PBXGroup;
			children = (
				3111F8BA5B55D43D708BF45C /* IpEndpointName.cpp */,
				07EA64898A7F509069519492 /* IpEndpointName.h */,
				1B06112EA5FDA2E8B187AC4A /* NetworkingUtils.h */,
				3D9BC6A04AE56901F8A5830E /* PacketListener.h */,
				641362CA659FAFEE4E81001B /* posix */,
				48959E581C91E6F305955929 /* TimerListener.h */,
				21964730FEBDE2AEC39DAA73 /* UdpSocket.h */,
			);
			name = ip;
			sourceTree = "<group>";
		};
/* End PBXGroup section */

/* Begin PBXNativeTarget section */
		E4B69B5A0A3A1756003C02F2 /* H_A_R_P_S_simulator */ = {
			isa = PBXNativeTarget;
			buildConfigurationList = E4B69B5F0A3A1757003C02F2 /* Build configuration list for PBXNativeTarget "H_A_R_P_S_simulator" */;
			buildPhases = (
				E4B69B580A3A1756003C02F2 /* Sources */,
				E4B69B590A3A1756003C02F2 /* Frameworks */,
				E4B6FFFD0C3F9AB9008CF71C /* ShellScript */,
				E4C2427710CC5ABF004149E2 /* CopyFiles */,
			);
			buildRules = (
			);
			dependencies = (
				E4EEB9AC138B136A00A80321 /* PBXTargetDependency */,
			);
			name = H_A_R_P_S_simulator;
			productName = myOFApp;
			productReference = E4B69B5B0A3A1756003C02F2 /* H_A_R_P_S_simulatorDebug.app */;
			productType = "com.apple.product-type.application";
		};
/* End PBXNativeTarget section */

/* Begin PBXProject section */
		E4B69B4C0A3A1720003C02F2 /* Project object */ = {
			isa = PBXProject;
			attributes = {
				LastUpgradeCheck = 0600;
			};
			buildConfigurationList = E4B69B4D0A3A1720003C02F2 /* Build configuration list for PBXProject "H_A_R_P_S_simulator" */;
			compatibilityVersion = "Xcode 3.2";
			developmentRegion = English;
			hasScannedForEncodings = 0;
			knownRegions = (
				English,
				Japanese,
				French,
				German,
			);
			mainGroup = E4B69B4A0A3A1720003C02F2;
			productRefGroup = E4B69B4A0A3A1720003C02F2;
			projectDirPath = "";
			projectReferences = (
				{
					ProductGroup = E4328144138ABC890047C5CB /* Products */;
					ProjectRef = E4328143138ABC890047C5CB /* openFrameworksLib.xcodeproj */;
				},
			);
			projectRoot = "";
			targets = (
				E4B69B5A0A3A1756003C02F2 /* H_A_R_P_S_simulator */,
			);
		};
/* End PBXProject section */

/* Begin PBXReferenceProxy section */
		E4328148138ABC890047C5CB /* openFrameworksDebug.a */ = {
			isa = PBXReferenceProxy;
			fileType = archive.ar;
			path = openFrameworksDebug.a;
			remoteRef = E4328147138ABC890047C5CB /* PBXContainerItemProxy */;
			sourceTree = BUILT_PRODUCTS_DIR;
		};
/* End PBXReferenceProxy section */

/* Begin PBXShellScriptBuildPhase section */
		E4B6FFFD0C3F9AB9008CF71C /* ShellScript */ = {
			isa = PBXShellScriptBuildPhase;
			buildActionMask = 2147483647;
			files = (
			);
			inputPaths = (
			);
			outputPaths = (
			);
			runOnlyForDeploymentPostprocessing = 0;
			shellPath = /bin/sh;
			shellScript = "rsync -aved ../../../../of_v0.9.0_osx_release/libs/fmodex/lib/osx/libfmodex.dylib \"$TARGET_BUILD_DIR/$PRODUCT_NAME.app/Contents/MacOS/\"; install_name_tool -change ./libfmodex.dylib @executable_path/libfmodex.dylib \"$TARGET_BUILD_DIR/$PRODUCT_NAME.app/Contents/MacOS/$PRODUCT_NAME\";\nmkdir -p \"$TARGET_BUILD_DIR/$PRODUCT_NAME.app/Contents/Resources/\"\nrsync -aved \"$ICON_FILE\" \"$TARGET_BUILD_DIR/$PRODUCT_NAME.app/Contents/Resources/\"\nrsync -aved ../../../../of_v0.9.0_osx_release/libs/glut/lib/osx/GLUT.framework \"$TARGET_BUILD_DIR/$PRODUCT_NAME.app/Contents/Frameworks/\"\n";
		};
/* End PBXShellScriptBuildPhase section */

/* Begin PBXSourcesBuildPhase section */
		E4B69B580A3A1756003C02F2 /* Sources */ = {
			isa = PBXSourcesBuildPhase;
			buildActionMask = 2147483647;
			files = (
				E4B69E200A3A1BDC003C02F2 /* main.cpp in Sources */,
				E4B69E210A3A1BDC003C02F2 /* ofApp.cpp in Sources */,
				042A7D55A677A68DD8B3C166 /* ofxTCPClient.cpp in Sources */,
				DB77677DC2CEE9C8790A08CB /* ofxTCPManager.cpp in Sources */,
				EEEEF8A0E6ECCF687B70690F /* ofxTCPServer.cpp in Sources */,
				637244791C22304B002F7BD5 /* ofxDatGui.cpp in Sources */,
				049FFF4069F948478FAA37F6 /* ofxUDPManager.cpp in Sources */,
				6372447A1C22304B002F7BD5 /* ofxDatGuiTemplate.cpp in Sources */,
				DD393F6E1D608A7ED3C090C1 /* ofxOscBundle.cpp in Sources */,
				1839118C8FAAFD7786F48022 /* ofxOscMessage.cpp in Sources */,
				C2D598BBC788C2AFB89F03D8 /* ofxOscParameterSync.cpp in Sources */,
				98E3190A327565D7A561D2F1 /* ofxOscReceiver.cpp in Sources */,
				5BAB6E7E628E52287338C1CF /* ofxOscSender.cpp in Sources */,
				9C18D291F7F1EE07ABD8F80F /* IpEndpointName.cpp in Sources */,
				1437BFDE9FA90F764F110622 /* NetworkingUtils.cpp in Sources */,
				4326F4A363DE2FB72933C2ED /* UdpSocket.cpp in Sources */,
				8C3C3F05F14EAA2FC77A199D /* OscOutboundPacketStream.cpp in Sources */,
				2B04AB1C3ADEC23F896EB038 /* OscPrintReceivedElements.cpp in Sources */,
				9E3D94644874B53F109A7DB0 /* OscReceivedElements.cpp in Sources */,
				637244781C22304B002F7BD5 /* ofxDatGuiComponent.cpp in Sources */,
				21020EE07395C0E961FE4E47 /* OscTypes.cpp in Sources */,
			);
			runOnlyForDeploymentPostprocessing = 0;
		};
/* End PBXSourcesBuildPhase section */

/* Begin PBXTargetDependency section */
		E4EEB9AC138B136A00A80321 /* PBXTargetDependency */ = {
			isa = PBXTargetDependency;
			name = openFrameworks;
			targetProxy = E4EEB9AB138B136A00A80321 /* PBXContainerItemProxy */;
		};
/* End PBXTargetDependency section */

/* Begin XCBuildConfiguration section */
		E4B69B4E0A3A1720003C02F2 /* Debug */ = {
			isa = XCBuildConfiguration;
			baseConfigurationReference = E4EB6923138AFD0F00A09F29 /* Project.xcconfig */;
			buildSettings = {
				CONFIGURATION_BUILD_DIR = "$(SRCROOT)/bin/";
				COPY_PHASE_STRIP = NO;
				DEAD_CODE_STRIPPING = YES;
				GCC_AUTO_VECTORIZATION = YES;
				GCC_ENABLE_SSE3_EXTENSIONS = YES;
				GCC_ENABLE_SUPPLEMENTAL_SSE3_INSTRUCTIONS = YES;
				GCC_INLINES_ARE_PRIVATE_EXTERN = NO;
				GCC_OPTIMIZATION_LEVEL = 0;
				GCC_SYMBOLS_PRIVATE_EXTERN = NO;
				GCC_WARN_ABOUT_DEPRECATED_FUNCTIONS = YES;
				GCC_WARN_ABOUT_INVALID_OFFSETOF_MACRO = NO;
				GCC_WARN_ALLOW_INCOMPLETE_PROTOCOL = NO;
				GCC_WARN_UNINITIALIZED_AUTOS = NO;
				GCC_WARN_UNUSED_VALUE = NO;
				GCC_WARN_UNUSED_VARIABLE = NO;
				HEADER_SEARCH_PATHS = (
					"$(OF_CORE_HEADERS)",
					../../../../of_v0.9.0_osx_release/addons/ofxNetwork/src,
					../../../../of_v0.9.0_osx_release/addons/ofxOsc/libs,
					../../../../of_v0.9.0_osx_release/addons/ofxOsc/libs/oscpack,
					../../../../of_v0.9.0_osx_release/addons/ofxOsc/libs/oscpack/src,
					../../../../of_v0.9.0_osx_release/addons/ofxOsc/libs/oscpack/src/ip,
					../../../../of_v0.9.0_osx_release/addons/ofxOsc/libs/oscpack/src/ip/posix,
					../../../../of_v0.9.0_osx_release/addons/ofxOsc/libs/oscpack/src/ip/win32,
					../../../../of_v0.9.0_osx_release/addons/ofxOsc/libs/oscpack/src/osc,
					../../../../of_v0.9.0_osx_release/addons/ofxOsc/src,
				);
				MACOSX_DEPLOYMENT_TARGET = 10.8;
				ONLY_ACTIVE_ARCH = YES;
				OTHER_CPLUSPLUSFLAGS = (
					"-D__MACOSX_CORE__",
					"-mtune=native",
				);
				SDKROOT = macosx;
			};
			name = Debug;
		};
		E4B69B4F0A3A1720003C02F2 /* Release */ = {
			isa = XCBuildConfiguration;
			baseConfigurationReference = E4EB6923138AFD0F00A09F29 /* Project.xcconfig */;
			buildSettings = {
				CONFIGURATION_BUILD_DIR = "$(SRCROOT)/bin/";
				COPY_PHASE_STRIP = YES;
				DEAD_CODE_STRIPPING = YES;
				GCC_AUTO_VECTORIZATION = YES;
				GCC_ENABLE_SSE3_EXTENSIONS = YES;
				GCC_ENABLE_SUPPLEMENTAL_SSE3_INSTRUCTIONS = YES;
				GCC_INLINES_ARE_PRIVATE_EXTERN = NO;
				GCC_OPTIMIZATION_LEVEL = 3;
				GCC_SYMBOLS_PRIVATE_EXTERN = NO;
				GCC_UNROLL_LOOPS = YES;
				GCC_WARN_ABOUT_DEPRECATED_FUNCTIONS = YES;
				GCC_WARN_ABOUT_INVALID_OFFSETOF_MACRO = NO;
				GCC_WARN_ALLOW_INCOMPLETE_PROTOCOL = NO;
				GCC_WARN_UNINITIALIZED_AUTOS = NO;
				GCC_WARN_UNUSED_VALUE = NO;
				GCC_WARN_UNUSED_VARIABLE = NO;
				HEADER_SEARCH_PATHS = (
					"$(OF_CORE_HEADERS)",
					../../../../of_v0.9.0_osx_release/addons/ofxNetwork/src,
					../../../../of_v0.9.0_osx_release/addons/ofxOsc/libs,
					../../../../of_v0.9.0_osx_release/addons/ofxOsc/libs/oscpack,
					../../../../of_v0.9.0_osx_release/addons/ofxOsc/libs/oscpack/src,
					../../../../of_v0.9.0_osx_release/addons/ofxOsc/libs/oscpack/src/ip,
					../../../../of_v0.9.0_osx_release/addons/ofxOsc/libs/oscpack/src/ip/posix,
					../../../../of_v0.9.0_osx_release/addons/ofxOsc/libs/oscpack/src/ip/win32,
					../../../../of_v0.9.0_osx_release/addons/ofxOsc/libs/oscpack/src/osc,
					../../../../of_v0.9.0_osx_release/addons/ofxOsc/src,
				);
				MACOSX_DEPLOYMENT_TARGET = 10.8;
				OTHER_CPLUSPLUSFLAGS = (
					"-D__MACOSX_CORE__",
					"-mtune=native",
				);
				SDKROOT = macosx;
			};
			name = Release;
		};
		E4B69B600A3A1757003C02F2 /* Debug */ = {
			isa = XCBuildConfiguration;
			baseConfigurationReference = E4EB6923138AFD0F00A09F29 /* Project.xcconfig */;
			buildSettings = {
				COMBINE_HIDPI_IMAGES = YES;
				COPY_PHASE_STRIP = NO;
				FRAMEWORK_SEARCH_PATHS = (
					"$(inherited)",
					"$(FRAMEWORK_SEARCH_PATHS_QUOTED_FOR_TARGET_1)",
				);
				FRAMEWORK_SEARCH_PATHS_QUOTED_FOR_TARGET_1 = "\"$(SRCROOT)/../../../../of_v0.9.0_osx_release/libs/glut/lib/osx\"";
				GCC_DYNAMIC_NO_PIC = NO;
				GCC_GENERATE_DEBUGGING_SYMBOLS = YES;
				GCC_MODEL_TUNING = NONE;
				HEADER_SEARCH_PATHS = (
					"$(OF_CORE_HEADERS)",
					../../../../of_v0.9.0_osx_release/addons/ofxNetwork/src,
					../../../../of_v0.9.0_osx_release/addons/ofxOsc/libs,
					../../../../of_v0.9.0_osx_release/addons/ofxOsc/libs/oscpack,
					../../../../of_v0.9.0_osx_release/addons/ofxOsc/libs/oscpack/src,
					../../../../of_v0.9.0_osx_release/addons/ofxOsc/libs/oscpack/src/ip,
					../../../../of_v0.9.0_osx_release/addons/ofxOsc/libs/oscpack/src/ip/posix,
					../../../../of_v0.9.0_osx_release/addons/ofxOsc/libs/oscpack/src/ip/win32,
					../../../../of_v0.9.0_osx_release/addons/ofxOsc/libs/oscpack/src/osc,
					../../../../of_v0.9.0_osx_release/addons/ofxOsc/src,
				);
				ICON = "$(ICON_NAME_DEBUG)";
				ICON_FILE = "$(ICON_FILE_PATH)$(ICON)";
				INFOPLIST_FILE = "openFrameworks-Info.plist";
				INSTALL_PATH = "$(HOME)/Applications";
				LIBRARY_SEARCH_PATHS = "$(inherited)";
				PRODUCT_NAME = "$(TARGET_NAME)Debug";
				USER_HEADER_SEARCH_PATHS = "";
				WRAPPER_EXTENSION = app;
			};
			name = Debug;
		};
		E4B69B610A3A1757003C02F2 /* Release */ = {
			isa = XCBuildConfiguration;
			baseConfigurationReference = E4EB6923138AFD0F00A09F29 /* Project.xcconfig */;
			buildSettings = {
				COMBINE_HIDPI_IMAGES = YES;
				COPY_PHASE_STRIP = YES;
				FRAMEWORK_SEARCH_PATHS = (
					"$(inherited)",
					"$(FRAMEWORK_SEARCH_PATHS_QUOTED_FOR_TARGET_1)",
				);
				FRAMEWORK_SEARCH_PATHS_QUOTED_FOR_TARGET_1 = "\"$(SRCROOT)/../../../../of_v0.9.0_osx_release/libs/glut/lib/osx\"";
				GCC_GENERATE_DEBUGGING_SYMBOLS = YES;
				GCC_MODEL_TUNING = NONE;
				HEADER_SEARCH_PATHS = (
					"$(OF_CORE_HEADERS)",
					../../../../of_v0.9.0_osx_release/addons/ofxNetwork/src,
					../../../../of_v0.9.0_osx_release/addons/ofxOsc/libs,
					../../../../of_v0.9.0_osx_release/addons/ofxOsc/libs/oscpack,
					../../../../of_v0.9.0_osx_release/addons/ofxOsc/libs/oscpack/src,
					../../../../of_v0.9.0_osx_release/addons/ofxOsc/libs/oscpack/src/ip,
					../../../../of_v0.9.0_osx_release/addons/ofxOsc/libs/oscpack/src/ip/posix,
					../../../../of_v0.9.0_osx_release/addons/ofxOsc/libs/oscpack/src/ip/win32,
					../../../../of_v0.9.0_osx_release/addons/ofxOsc/libs/oscpack/src/osc,
					../../../../of_v0.9.0_osx_release/addons/ofxOsc/src,
				);
				ICON = "$(ICON_NAME_RELEASE)";
				ICON_FILE = "$(ICON_FILE_PATH)$(ICON)";
				INFOPLIST_FILE = "openFrameworks-Info.plist";
				INSTALL_PATH = "$(HOME)/Applications";
				LIBRARY_SEARCH_PATHS = "$(inherited)";
				PRODUCT_NAME = "$(TARGET_NAME)";
				USER_HEADER_SEARCH_PATHS = "";
				WRAPPER_EXTENSION = app;
				baseConfigurationReference = E4EB6923138AFD0F00A09F29;
			};
			name = Release;
		};
/* End XCBuildConfiguration section */

/* Begin XCConfigurationList section */
		E4B69B4D0A3A1720003C02F2 /* Build configuration list for PBXProject "H_A_R_P_S_simulator" */ = {
			isa = XCConfigurationList;
			buildConfigurations = (
				E4B69B4E0A3A1720003C02F2 /* Debug */,
				E4B69B4F0A3A1720003C02F2 /* Release */,
			);
			defaultConfigurationIsVisible = 0;
			defaultConfigurationName = Release;
		};
		E4B69B5F0A3A1757003C02F2 /* Build configuration list for PBXNativeTarget "H_A_R_P_S_simulator" */ = {
			isa = XCConfigurationList;
			buildConfigurations = (
				E4B69B600A3A1757003C02F2 /* Debug */,
				E4B69B610A3A1757003C02F2 /* Release */,
			);
			defaultConfigurationIsVisible = 0;
			defaultConfigurationName = Release;
		};
/* End XCConfigurationList section */
	};
	rootObject = E4B69B4C0A3A1720003C02F2 /* Project object */;
}
